
Microsoft Visual Studio Solution File, Format Version 12.00
# Visual Studio Version 17
VisualStudioVersion = 17.9.34701.34
MinimumVisualStudioVersion = 10.0.40219.1
Project("{FAE04EC0-301F-11D3-BF4B-00C04F79EFBC}") = "AMod", "AMod.csproj", "{C5D95B34-5C05-46A9-8F0D-EB720E77E177}"
EndProject
Global
	GlobalSection(SolutionConfigurationPlatforms) = preSolution
		Debug|Any CPU = Debug|Any CPU
		Release|Any CPU = Release|Any CPU
	EndGlobalSection
	GlobalSection(ProjectConfigurationPlatforms) = postSolution
		{C5D95B34-5C05-46A9-8F0D-EB720E77E177}.Debug|Any CPU.ActiveCfg = Debug|Any CPU
		{C5D95B34-5C05-46A9-8F0D-EB720E77E177}.Debug|Any CPU.Build.0 = Debug|Any CPU
		{C5D95B34-5C05-46A9-8F0D-EB720E77E177}.Release|Any CPU.ActiveCfg = Release|Any CPU
		{C5D95B34-5C05-46A9-8F0D-EB720E77E177}.Release|Any CPU.Build.0 = Release|Any CPU
	EndGlobalSection
	GlobalSection(SolutionProperties) = preSolution
		HideSolutionNode = FALSE
	EndGlobalSection
	GlobalSection(ExtensibilityGlobals) = postSolution
		SolutionGuid = {5E433CA2-918B-4F6E-9660-D42B5DDFFA10}
	EndGlobalSection
EndGlobal
